
Microsoft Visual Studio Solution File, Format Version 12.00
# Visual Studio 15
VisualStudioVersion = 15.0.27004.2002
MinimumVisualStudioVersion = 10.0.40219.1
Project("{FAE04EC0-301F-11D3-BF4B-00C04F79EFBC}") = "Joes Automotive", "Joes Automotive\Joes Automotive.csproj", "{801ADBEB-9863-4950-8AD8-FCF0D5D23DBF}"
EndProject
Global
	GlobalSection(SolutionConfigurationPlatforms) = preSolution
		Debug|Any CPU = Debug|Any CPU
		Release|Any CPU = Release|Any CPU
	EndGlobalSection
	GlobalSection(ProjectConfigurationPlatforms) = postSolution
		{801ADBEB-9863-4950-8AD8-FCF0D5D23DBF}.Debug|Any CPU.ActiveCfg = Debug|Any CPU
		{801ADBEB-9863-4950-8AD8-FCF0D5D23DBF}.Debug|Any CPU.Build.0 = Debug|Any CPU
		{801ADBEB-9863-4950-8AD8-FCF0D5D23DBF}.Release|Any CPU.ActiveCfg = Release|Any CPU
		{801ADBEB-9863-4950-8AD8-FCF0D5D23DBF}.Release|Any CPU.Build.0 = Release|Any CPU
	EndGlobalSection
	GlobalSection(SolutionProperties) = preSolution
		HideSolutionNode = FALSE
	EndGlobalSection
	GlobalSection(ExtensibilityGlobals) = postSolution
		SolutionGuid = {DF14ABCA-ABC5-4151-8395-7D87CA7B16F6}
	EndGlobalSection
EndGlobal
